PODS:
  - CKSegmentedPage (0.9.8):
    - Masonry
  - Masonry (1.0.1)

DEPENDENCIES:
  - CKSegmentedPage (from `../`)

EXTERNAL SOURCES:
  CKSegmentedPage:
    :path: ../

SPEC CHECKSUMS:
  CKSegmentedPage: bb6ed8c1bee1e4373735c6fb702b5e5ac8cb9c4b
  Masonry: a1a931a0d08870ed8ae415a2ea5ea68ebcac77df

PODFILE CHECKSUM: e84750a63846f0c6f5520407d0e05d00563c7f1b

COCOAPODS: 1.1.0.beta.1
